
Microsoft Visual Studio Solution File, Format Version 12.00
# Visual Studio Version 16
VisualStudioVersion = 16.0.30011.22
MinimumVisualStudioVersion = 10.0.40219.1
Project("{FAE04EC0-301F-11D3-BF4B-00C04F79EFBC}") = "Logica", "Ejercicio Entregable\Logica.csproj", "{44BE8B81-E76D-4EF7-BFA6-4E8FAC25C170}"
EndProject
Global
	GlobalSection(SolutionConfigurationPlatforms) = preSolution
		Debug|Any CPU = Debug|Any CPU
		Release|Any CPU = Release|Any CPU
	EndGlobalSection
	GlobalSection(ProjectConfigurationPlatforms) = postSolution
		{44BE8B81-E76D-4EF7-BFA6-4E8FAC25C170}.Debug|Any CPU.ActiveCfg = Debug|Any CPU
		{44BE8B81-E76D-4EF7-BFA6-4E8FAC25C170}.Debug|Any CPU.Build.0 = Debug|Any CPU
		{44BE8B81-E76D-4EF7-BFA6-4E8FAC25C170}.Release|Any CPU.ActiveCfg = Release|Any CPU
		{44BE8B81-E76D-4EF7-BFA6-4E8FAC25C170}.Release|Any CPU.Build.0 = Release|Any CPU
	EndGlobalSection
	GlobalSection(SolutionProperties) = preSolution
		HideSolutionNode = FALSE
	EndGlobalSection
	GlobalSection(ExtensibilityGlobals) = postSolution
		SolutionGuid = {F9015D8D-3E0C-426D-BB8D-FC2C6874EAC0}
	EndGlobalSection
EndGlobal
